
Microsoft Visual Studio Solution File, Format Version 12.00
# Visual Studio Version 16
VisualStudioVersion = 16.0.31911.196
MinimumVisualStudioVersion = 10.0.40219.1
Project("{FAE04EC0-301F-11D3-BF4B-00C04F79EFBC}") = "Paint", "Paint\Paint.csproj", "{823AF814-8F08-459B-BCA8-E96C59C914B4}"
EndProject
Global
	GlobalSection(SolutionConfigurationPlatforms) = preSolution
		Debug|Any CPU = Debug|Any CPU
		Release|Any CPU = Release|Any CPU
	EndGlobalSection
	GlobalSection(ProjectConfigurationPlatforms) = postSolution
		{823AF814-8F08-459B-BCA8-E96C59C914B4}.Debug|Any CPU.ActiveCfg = Debug|Any CPU
		{823AF814-8F08-459B-BCA8-E96C59C914B4}.Debug|Any CPU.Build.0 = Debug|Any CPU
		{823AF814-8F08-459B-BCA8-E96C59C914B4}.Release|Any CPU.ActiveCfg = Release|Any CPU
		{823AF814-8F08-459B-BCA8-E96C59C914B4}.Release|Any CPU.Build.0 = Release|Any CPU
	EndGlobalSection
	GlobalSection(SolutionProperties) = preSolution
		HideSolutionNode = FALSE
	EndGlobalSection
	GlobalSection(ExtensibilityGlobals) = postSolution
		SolutionGuid = {592E210B-EB94-41D6-A26B-A8088075B286}
	EndGlobalSection
EndGlobal
